
Microsoft Visual Studio Solution File, Format Version 12.00
# Visual Studio Version 17
VisualStudioVersion = 17.10.35122.118
MinimumVisualStudioVersion = 10.0.40219.1
Project("{8BC9CEB8-8B4A-11D0-8D11-00A0C91BC942}") = "lab03", "lab03\lab03.vcxproj", "{1391BE11-98CF-4266-88BD-6C6C003C438A}"
EndProject
Global
	GlobalSection(SolutionConfigurationPlatforms) = preSolution
		Debug|x64 = Debug|x64
		Debug|x86 = Debug|x86
		Release|x64 = Release|x64
		Release|x86 = Release|x86
	EndGlobalSection
	GlobalSection(ProjectConfigurationPlatforms) = postSolution
		{1391BE11-98CF-4266-88BD-6C6C003C438A}.Debug|x64.ActiveCfg = Debug|x64
		{1391BE11-98CF-4266-88BD-6C6C003C438A}.Debug|x64.Build.0 = Debug|x64
		{1391BE11-98CF-4266-88BD-6C6C003C438A}.Debug|x86.ActiveCfg = Debug|Win32
		{1391BE11-98CF-4266-88BD-6C6C003C438A}.Debug|x86.Build.0 = Debug|Win32
		{1391BE11-98CF-4266-88BD-6C6C003C438A}.Release|x64.ActiveCfg = Release|x64
		{1391BE11-98CF-4266-88BD-6C6C003C438A}.Release|x64.Build.0 = Release|x64
		{1391BE11-98CF-4266-88BD-6C6C003C438A}.Release|x86.ActiveCfg = Release|Win32
		{1391BE11-98CF-4266-88BD-6C6C003C438A}.Release|x86.Build.0 = Release|Win32
	EndGlobalSection
	GlobalSection(SolutionProperties) = preSolution
		HideSolutionNode = FALSE
	EndGlobalSection
	GlobalSection(ExtensibilityGlobals) = postSolution
		SolutionGuid = {7CB60216-0430-4F0F-9FCF-9B2519CB1DB8}
	EndGlobalSection
EndGlobal
